
Microsoft Visual Studio Solution File, Format Version 12.00
# Visual Studio Version 16
VisualStudioVersion = 16.0.30413.136
MinimumVisualStudioVersion = 10.0.40219.1
Project("{FAE04EC0-301F-11D3-BF4B-00C04F79EFBC}") = "Ejercicio4", "Ejercicio4.csproj", "{F50A4A39-D9FB-4697-B983-018E1E748574}"
EndProject
Global
	GlobalSection(SolutionConfigurationPlatforms) = preSolution
		Debug|Any CPU = Debug|Any CPU
		Release|Any CPU = Release|Any CPU
	EndGlobalSection
	GlobalSection(ProjectConfigurationPlatforms) = postSolution
		{F50A4A39-D9FB-4697-B983-018E1E748574}.Debug|Any CPU.ActiveCfg = Debug|Any CPU
		{F50A4A39-D9FB-4697-B983-018E1E748574}.Debug|Any CPU.Build.0 = Debug|Any CPU
		{F50A4A39-D9FB-4697-B983-018E1E748574}.Release|Any CPU.ActiveCfg = Release|Any CPU
		{F50A4A39-D9FB-4697-B983-018E1E748574}.Release|Any CPU.Build.0 = Release|Any CPU
	EndGlobalSection
	GlobalSection(SolutionProperties) = preSolution
		HideSolutionNode = FALSE
	EndGlobalSection
	GlobalSection(ExtensibilityGlobals) = postSolution
		SolutionGuid = {2FC0584E-C400-45DC-978C-0D9EED37C4C1}
	EndGlobalSection
EndGlobal
