
Microsoft Visual Studio Solution File, Format Version 12.00
# Visual Studio Version 16
VisualStudioVersion = 16.0.30413.136
MinimumVisualStudioVersion = 10.0.40219.1
Project("{FAE04EC0-301F-11D3-BF4B-00C04F79EFBC}") = "Ejercicio2", "Ejercicio2.csproj", "{9C4F086D-45B1-4FDF-AF4A-C9CD9360EAC2}"
EndProject
Project("{FAE04EC0-301F-11D3-BF4B-00C04F79EFBC}") = "Ejercicio1", "..\Ejercicio1\Ejercicio1.csproj", "{50A23EAD-CB23-4604-9B87-361547DBB85F}"
EndProject
Global
	GlobalSection(SolutionConfigurationPlatforms) = preSolution
		Debug|Any CPU = Debug|Any CPU
		Release|Any CPU = Release|Any CPU
	EndGlobalSection
	GlobalSection(ProjectConfigurationPlatforms) = postSolution
		{9C4F086D-45B1-4FDF-AF4A-C9CD9360EAC2}.Debug|Any CPU.ActiveCfg = Debug|Any CPU
		{9C4F086D-45B1-4FDF-AF4A-C9CD9360EAC2}.Debug|Any CPU.Build.0 = Debug|Any CPU
		{9C4F086D-45B1-4FDF-AF4A-C9CD9360EAC2}.Release|Any CPU.ActiveCfg = Release|Any CPU
		{9C4F086D-45B1-4FDF-AF4A-C9CD9360EAC2}.Release|Any CPU.Build.0 = Release|Any CPU
		{50A23EAD-CB23-4604-9B87-361547DBB85F}.Debug|Any CPU.ActiveCfg = Debug|Any CPU
		{50A23EAD-CB23-4604-9B87-361547DBB85F}.Debug|Any CPU.Build.0 = Debug|Any CPU
		{50A23EAD-CB23-4604-9B87-361547DBB85F}.Release|Any CPU.ActiveCfg = Release|Any CPU
		{50A23EAD-CB23-4604-9B87-361547DBB85F}.Release|Any CPU.Build.0 = Release|Any CPU
	EndGlobalSection
	GlobalSection(SolutionProperties) = preSolution
		HideSolutionNode = FALSE
	EndGlobalSection
	GlobalSection(ExtensibilityGlobals) = postSolution
		SolutionGuid = {1163C304-1C4B-4FE6-B88A-679D34B4F8DB}
	EndGlobalSection
EndGlobal
